
Microsoft Visual Studio Solution File, Format Version 12.00
# Visual Studio 15
VisualStudioVersion = 15.0.28307.102
MinimumVisualStudioVersion = 10.0.40219.1
Project("{FAE04EC0-301F-11D3-BF4B-00C04F79EFBC}") = "CloudServer", "CloudServer\CloudServer.csproj", "{DA17AD32-FD26-4A26-830D-95CAE1C07C7C}"
EndProject
Project("{FAE04EC0-301F-11D3-BF4B-00C04F79EFBC}") = "LocalServer", "LocalServer\LocalServer.csproj", "{1D58D693-7C73-42DE-B8DA-D7EA9167BDB8}"
EndProject
Global
	GlobalSection(SolutionConfigurationPlatforms) = preSolution
		Debug|Any CPU = Debug|Any CPU
		Release|Any CPU = Release|Any CPU
	EndGlobalSection
	GlobalSection(ProjectConfigurationPlatforms) = postSolution
		{DA17AD32-FD26-4A26-830D-95CAE1C07C7C}.Debug|Any CPU.ActiveCfg = Debug|Any CPU
		{DA17AD32-FD26-4A26-830D-95CAE1C07C7C}.Debug|Any CPU.Build.0 = Debug|Any CPU
		{DA17AD32-FD26-4A26-830D-95CAE1C07C7C}.Release|Any CPU.ActiveCfg = Release|Any CPU
		{DA17AD32-FD26-4A26-830D-95CAE1C07C7C}.Release|Any CPU.Build.0 = Release|Any CPU
		{1D58D693-7C73-42DE-B8DA-D7EA9167BDB8}.Debug|Any CPU.ActiveCfg = Debug|Any CPU
		{1D58D693-7C73-42DE-B8DA-D7EA9167BDB8}.Debug|Any CPU.Build.0 = Debug|Any CPU
		{1D58D693-7C73-42DE-B8DA-D7EA9167BDB8}.Release|Any CPU.ActiveCfg = Release|Any CPU
		{1D58D693-7C73-42DE-B8DA-D7EA9167BDB8}.Release|Any CPU.Build.0 = Release|Any CPU
	EndGlobalSection
	GlobalSection(SolutionProperties) = preSolution
		HideSolutionNode = FALSE
	EndGlobalSection
	GlobalSection(ExtensibilityGlobals) = postSolution
		SolutionGuid = {59994A87-828F-45DA-BED5-CC9EFE1D6662}
	EndGlobalSection
EndGlobal
