
Microsoft Visual Studio Solution File, Format Version 12.00
# Visual Studio 15
VisualStudioVersion = 15.0.28307.102
MinimumVisualStudioVersion = 10.0.40219.1
Project("{9A19103F-16F7-4668-BE54-9A1E7A4F7556}") = "CloudServer", "CloudServer\CloudServer.csproj", "{DA17AD32-FD26-4A26-830D-95CAE1C07C7C}"
EndProject
Project("{9A19103F-16F7-4668-BE54-9A1E7A4F7556}") = "LocalServer", "LocalServer\LocalServer.csproj", "{1D58D693-7C73-42DE-B8DA-D7EA9167BDB8}"
EndProject
Project("{FAE04EC0-301F-11D3-BF4B-00C04F79EFBC}") = "HMIParking.Android", "HMIParking\HMIParking.Android\HMIParking.Android.csproj", "{F7495797-5DB1-4E6D-A0F5-7B847A2520AC}"
EndProject
Project("{FAE04EC0-301F-11D3-BF4B-00C04F79EFBC}") = "HMIParking.iOS", "HMIParking\HMIParking.iOS\HMIParking.iOS.csproj", "{6C043B2E-8D60-4732-967E-0644D307155E}"
EndProject
Project("{FAE04EC0-301F-11D3-BF4B-00C04F79EFBC}") = "HMIParking.UWP", "HMIParking\HMIParking.UWP\HMIParking.UWP.csproj", "{28C5C5F7-C6CB-4DF8-8EF7-640D1A06F8EF}"
EndProject
Project("{FAE04EC0-301F-11D3-BF4B-00C04F79EFBC}") = "HMIParking", "HMIParking\HMIParking\HMIParking.csproj", "{2EDAB7FE-FDC0-4527-B77A-7C0F7EE1D86C}"
EndProject
Global
	GlobalSection(SolutionConfigurationPlatforms) = preSolution
		Ad-Hoc|Any CPU = Ad-Hoc|Any CPU
		Ad-Hoc|ARM = Ad-Hoc|ARM
		Ad-Hoc|iPhone = Ad-Hoc|iPhone
		Ad-Hoc|iPhoneSimulator = Ad-Hoc|iPhoneSimulator
		Ad-Hoc|x64 = Ad-Hoc|x64
		Ad-Hoc|x86 = Ad-Hoc|x86
		AppStore|Any CPU = AppStore|Any CPU
		AppStore|ARM = AppStore|ARM
		AppStore|iPhone = AppStore|iPhone
		AppStore|iPhoneSimulator = AppStore|iPhoneSimulator
		AppStore|x64 = AppStore|x64
		AppStore|x86 = AppStore|x86
		Debug|Any CPU = Debug|Any CPU
		Debug|ARM = Debug|ARM
		Debug|iPhone = Debug|iPhone
		Debug|iPhoneSimulator = Debug|iPhoneSimulator
		Debug|x64 = Debug|x64
		Debug|x86 = Debug|x86
		Release|Any CPU = Release|Any CPU
		Release|ARM = Release|ARM
		Release|iPhone = Release|iPhone
		Release|iPhoneSimulator = Release|iPhoneSimulator
		Release|x64 = Release|x64
		Release|x86 = Release|x86
	EndGlobalSection
	GlobalSection(ProjectConfigurationPlatforms) = postSolution
		{DA17AD32-FD26-4A26-830D-95CAE1C07C7C}.Ad-Hoc|Any CPU.ActiveCfg = Release|Any CPU
		{DA17AD32-FD26-4A26-830D-95CAE1C07C7C}.Ad-Hoc|Any CPU.Build.0 = Release|Any CPU
		{DA17AD32-FD26-4A26-830D-95CAE1C07C7C}.Ad-Hoc|ARM.ActiveCfg = Release|Any CPU
		{DA17AD32-FD26-4A26-830D-95CAE1C07C7C}.Ad-Hoc|ARM.Build.0 = Release|Any CPU
		{DA17AD32-FD26-4A26-830D-95CAE1C07C7C}.Ad-Hoc|iPhone.ActiveCfg = Release|Any CPU
		{DA17AD32-FD26-4A26-830D-95CAE1C07C7C}.Ad-Hoc|iPhone.Build.0 = Release|Any CPU
		{DA17AD32-FD26-4A26-830D-95CAE1C07C7C}.Ad-Hoc|iPhoneSimulator.ActiveCfg = Release|Any CPU
		{DA17AD32-FD26-4A26-830D-95CAE1C07C7C}.Ad-Hoc|iPhoneSimulator.Build.0 = Release|Any CPU
		{DA17AD32-FD26-4A26-830D-95CAE1C07C7C}.Ad-Hoc|x64.ActiveCfg = Release|Any CPU
		{DA17AD32-FD26-4A26-830D-95CAE1C07C7C}.Ad-Hoc|x64.Build.0 = Release|Any CPU
		{DA17AD32-FD26-4A26-830D-95CAE1C07C7C}.Ad-Hoc|x86.ActiveCfg = Release|Any CPU
		{DA17AD32-FD26-4A26-830D-95CAE1C07C7C}.Ad-Hoc|x86.Build.0 = Release|Any CPU
		{DA17AD32-FD26-4A26-830D-95CAE1C07C7C}.AppStore|Any CPU.ActiveCfg = Release|Any CPU
		{DA17AD32-FD26-4A26-830D-95CAE1C07C7C}.AppStore|Any CPU.Build.0 = Release|Any CPU
		{DA17AD32-FD26-4A26-830D-95CAE1C07C7C}.AppStore|ARM.ActiveCfg = Release|Any CPU
		{DA17AD32-FD26-4A26-830D-95CAE1C07C7C}.AppStore|ARM.Build.0 = Release|Any CPU
		{DA17AD32-FD26-4A26-830D-95CAE1C07C7C}.AppStore|iPhone.ActiveCfg = Release|Any CPU
		{DA17AD32-FD26-4A26-830D-95CAE1C07C7C}.AppStore|iPhone.Build.0 = Release|Any CPU
		{DA17AD32-FD26-4A26-830D-95CAE1C07C7C}.AppStore|iPhoneSimulator.ActiveCfg = Release|Any CPU
		{DA17AD32-FD26-4A26-830D-95CAE1C07C7C}.AppStore|iPhoneSimulator.Build.0 = Release|Any CPU
		{DA17AD32-FD26-4A26-830D-95CAE1C07C7C}.AppStore|x64.ActiveCfg = Release|Any CPU
		{DA17AD32-FD26-4A26-830D-95CAE1C07C7C}.AppStore|x64.Build.0 = Release|Any CPU
		{DA17AD32-FD26-4A26-830D-95CAE1C07C7C}.AppStore|x86.ActiveCfg = Release|Any CPU
		{DA17AD32-FD26-4A26-830D-95CAE1C07C7C}.AppStore|x86.Build.0 = Release|Any CPU
		{DA17AD32-FD26-4A26-830D-95CAE1C07C7C}.Debug|Any CPU.ActiveCfg = Debug|Any CPU
		{DA17AD32-FD26-4A26-830D-95CAE1C07C7C}.Debug|Any CPU.Build.0 = Debug|Any CPU
		{DA17AD32-FD26-4A26-830D-95CAE1C07C7C}.Debug|ARM.ActiveCfg = Debug|Any CPU
		{DA17AD32-FD26-4A26-830D-95CAE1C07C7C}.Debug|ARM.Build.0 = Debug|Any CPU
		{DA17AD32-FD26-4A26-830D-95CAE1C07C7C}.Debug|iPhone.ActiveCfg = Debug|Any CPU
		{DA17AD32-FD26-4A26-830D-95CAE1C07C7C}.Debug|iPhone.Build.0 = Debug|Any CPU
		{DA17AD32-FD26-4A26-830D-95CAE1C07C7C}.Debug|iPhoneSimulator.ActiveCfg = Debug|Any CPU
		{DA17AD32-FD26-4A26-830D-95CAE1C07C7C}.Debug|iPhoneSimulator.Build.0 = Debug|Any CPU
		{DA17AD32-FD26-4A26-830D-95CAE1C07C7C}.Debug|x64.ActiveCfg = Debug|Any CPU
		{DA17AD32-FD26-4A26-830D-95CAE1C07C7C}.Debug|x64.Build.0 = Debug|Any CPU
		{DA17AD32-FD26-4A26-830D-95CAE1C07C7C}.Debug|x86.ActiveCfg = Debug|Any CPU
		{DA17AD32-FD26-4A26-830D-95CAE1C07C7C}.Debug|x86.Build.0 = Debug|Any CPU
		{DA17AD32-FD26-4A26-830D-95CAE1C07C7C}.Release|Any CPU.ActiveCfg = Release|Any CPU
		{DA17AD32-FD26-4A26-830D-95CAE1C07C7C}.Release|Any CPU.Build.0 = Release|Any CPU
		{DA17AD32-FD26-4A26-830D-95CAE1C07C7C}.Release|ARM.ActiveCfg = Release|Any CPU
		{DA17AD32-FD26-4A26-830D-95CAE1C07C7C}.Release|ARM.Build.0 = Release|Any CPU
		{DA17AD32-FD26-4A26-830D-95CAE1C07C7C}.Release|iPhone.ActiveCfg = Release|Any CPU
		{DA17AD32-FD26-4A26-830D-95CAE1C07C7C}.Release|iPhone.Build.0 = Release|Any CPU
		{DA17AD32-FD26-4A26-830D-95CAE1C07C7C}.Release|iPhoneSimulator.ActiveCfg = Release|Any CPU
		{DA17AD32-FD26-4A26-830D-95CAE1C07C7C}.Release|iPhoneSimulator.Build.0 = Release|Any CPU
		{DA17AD32-FD26-4A26-830D-95CAE1C07C7C}.Release|x64.ActiveCfg = Release|Any CPU
		{DA17AD32-FD26-4A26-830D-95CAE1C07C7C}.Release|x64.Build.0 = Release|Any CPU
		{DA17AD32-FD26-4A26-830D-95CAE1C07C7C}.Release|x86.ActiveCfg = Release|Any CPU
		{DA17AD32-FD26-4A26-830D-95CAE1C07C7C}.Release|x86.Build.0 = Release|Any CPU
		{1D58D693-7C73-42DE-B8DA-D7EA9167BDB8}.Ad-Hoc|Any CPU.ActiveCfg = Release|Any CPU
		{1D58D693-7C73-42DE-B8DA-D7EA9167BDB8}.Ad-Hoc|Any CPU.Build.0 = Release|Any CPU
		{1D58D693-7C73-42DE-B8DA-D7EA9167BDB8}.Ad-Hoc|ARM.ActiveCfg = Release|Any CPU
		{1D58D693-7C73-42DE-B8DA-D7EA9167BDB8}.Ad-Hoc|ARM.Build.0 = Release|Any CPU
		{1D58D693-7C73-42DE-B8DA-D7EA9167BDB8}.Ad-Hoc|iPhone.ActiveCfg = Release|Any CPU
		{1D58D693-7C73-42DE-B8DA-D7EA9167BDB8}.Ad-Hoc|iPhone.Build.0 = Release|Any CPU
		{1D58D693-7C73-42DE-B8DA-D7EA9167BDB8}.Ad-Hoc|iPhoneSimulator.ActiveCfg = Release|Any CPU
		{1D58D693-7C73-42DE-B8DA-D7EA9167BDB8}.Ad-Hoc|iPhoneSimulator.Build.0 = Release|Any CPU
		{1D58D693-7C73-42DE-B8DA-D7EA9167BDB8}.Ad-Hoc|x64.ActiveCfg = Release|Any CPU
		{1D58D693-7C73-42DE-B8DA-D7EA9167BDB8}.Ad-Hoc|x64.Build.0 = Release|Any CPU
		{1D58D693-7C73-42DE-B8DA-D7EA9167BDB8}.Ad-Hoc|x86.ActiveCfg = Release|Any CPU
		{1D58D693-7C73-42DE-B8DA-D7EA9167BDB8}.Ad-Hoc|x86.Build.0 = Release|Any CPU
		{1D58D693-7C73-42DE-B8DA-D7EA9167BDB8}.AppStore|Any CPU.ActiveCfg = Release|Any CPU
		{1D58D693-7C73-42DE-B8DA-D7EA9167BDB8}.AppStore|Any CPU.Build.0 = Release|Any CPU
		{1D58D693-7C73-42DE-B8DA-D7EA9167BDB8}.AppStore|ARM.ActiveCfg = Release|Any CPU
		{1D58D693-7C73-42DE-B8DA-D7EA9167BDB8}.AppStore|ARM.Build.0 = Release|Any CPU
		{1D58D693-7C73-42DE-B8DA-D7EA9167BDB8}.AppStore|iPhone.ActiveCfg = Release|Any CPU
		{1D58D693-7C73-42DE-B8DA-D7EA9167BDB8}.AppStore|iPhone.Build.0 = Release|Any CPU
		{1D58D693-7C73-42DE-B8DA-D7EA9167BDB8}.AppStore|iPhoneSimulator.ActiveCfg = Release|Any CPU
		{1D58D693-7C73-42DE-B8DA-D7EA9167BDB8}.AppStore|iPhoneSimulator.Build.0 = Release|Any CPU
		{1D58D693-7C73-42DE-B8DA-D7EA9167BDB8}.AppStore|x64.ActiveCfg = Release|Any CPU
		{1D58D693-7C73-42DE-B8DA-D7EA9167BDB8}.AppStore|x64.Build.0 = Release|Any CPU
		{1D58D693-7C73-42DE-B8DA-D7EA9167BDB8}.AppStore|x86.ActiveCfg = Release|Any CPU
		{1D58D693-7C73-42DE-B8DA-D7EA9167BDB8}.AppStore|x86.Build.0 = Release|Any CPU
		{1D58D693-7C73-42DE-B8DA-D7EA9167BDB8}.Debug|Any CPU.ActiveCfg = Debug|Any CPU
		{1D58D693-7C73-42DE-B8DA-D7EA9167BDB8}.Debug|Any CPU.Build.0 = Debug|Any CPU
		{1D58D693-7C73-42DE-B8DA-D7EA9167BDB8}.Debug|ARM.ActiveCfg = Debug|Any CPU
		{1D58D693-7C73-42DE-B8DA-D7EA9167BDB8}.Debug|ARM.Build.0 = Debug|Any CPU
		{1D58D693-7C73-42DE-B8DA-D7EA9167BDB8}.Debug|iPhone.ActiveCfg = Debug|Any CPU
		{1D58D693-7C73-42DE-B8DA-D7EA9167BDB8}.Debug|iPhone.Build.0 = Debug|Any CPU
		{1D58D693-7C73-42DE-B8DA-D7EA9167BDB8}.Debug|iPhoneSimulator.ActiveCfg = Debug|Any CPU
		{1D58D693-7C73-42DE-B8DA-D7EA9167BDB8}.Debug|iPhoneSimulator.Build.0 = Debug|Any CPU
		{1D58D693-7C73-42DE-B8DA-D7EA9167BDB8}.Debug|x64.ActiveCfg = Debug|Any CPU
		{1D58D693-7C73-42DE-B8DA-D7EA9167BDB8}.Debug|x64.Build.0 = Debug|Any CPU
		{1D58D693-7C73-42DE-B8DA-D7EA9167BDB8}.Debug|x86.ActiveCfg = Debug|Any CPU
		{1D58D693-7C73-42DE-B8DA-D7EA9167BDB8}.Debug|x86.Build.0 = Debug|Any CPU
		{1D58D693-7C73-42DE-B8DA-D7EA9167BDB8}.Release|Any CPU.ActiveCfg = Release|Any CPU
		{1D58D693-7C73-42DE-B8DA-D7EA9167BDB8}.Release|Any CPU.Build.0 = Release|Any CPU
		{1D58D693-7C73-42DE-B8DA-D7EA9167BDB8}.Release|ARM.ActiveCfg = Release|Any CPU
		{1D58D693-7C73-42DE-B8DA-D7EA9167BDB8}.Release|ARM.Build.0 = Release|Any CPU
		{1D58D693-7C73-42DE-B8DA-D7EA9167BDB8}.Release|iPhone.ActiveCfg = Release|Any CPU
		{1D58D693-7C73-42DE-B8DA-D7EA9167BDB8}.Release|iPhone.Build.0 = Release|Any CPU
		{1D58D693-7C73-42DE-B8DA-D7EA9167BDB8}.Release|iPhoneSimulator.ActiveCfg = Release|Any CPU
		{1D58D693-7C73-42DE-B8DA-D7EA9167BDB8}.Release|iPhoneSimulator.Build.0 = Release|Any CPU
		{1D58D693-7C73-42DE-B8DA-D7EA9167BDB8}.Release|x64.ActiveCfg = Release|Any CPU
		{1D58D693-7C73-42DE-B8DA-D7EA9167BDB8}.Release|x64.Build.0 = Release|Any CPU
		{1D58D693-7C73-42DE-B8DA-D7EA9167BDB8}.Release|x86.ActiveCfg = Release|Any CPU
		{1D58D693-7C73-42DE-B8DA-D7EA9167BDB8}.Release|x86.Build.0 = Release|Any CPU
		{F7495797-5DB1-4E6D-A0F5-7B847A2520AC}.Ad-Hoc|Any CPU.ActiveCfg = Release|Any CPU
		{F7495797-5DB1-4E6D-A0F5-7B847A2520AC}.Ad-Hoc|Any CPU.Build.0 = Release|Any CPU
		{F7495797-5DB1-4E6D-A0F5-7B847A2520AC}.Ad-Hoc|Any CPU.Deploy.0 = Release|Any CPU
		{F7495797-5DB1-4E6D-A0F5-7B847A2520AC}.Ad-Hoc|ARM.ActiveCfg = Release|Any CPU
		{F7495797-5DB1-4E6D-A0F5-7B847A2520AC}.Ad-Hoc|ARM.Build.0 = Release|Any CPU
		{F7495797-5DB1-4E6D-A0F5-7B847A2520AC}.Ad-Hoc|ARM.Deploy.0 = Release|Any CPU
		{F7495797-5DB1-4E6D-A0F5-7B847A2520AC}.Ad-Hoc|iPhone.ActiveCfg = Release|Any CPU
		{F7495797-5DB1-4E6D-A0F5-7B847A2520AC}.Ad-Hoc|iPhone.Build.0 = Release|Any CPU
		{F7495797-5DB1-4E6D-A0F5-7B847A2520AC}.Ad-Hoc|iPhone.Deploy.0 = Release|Any CPU
		{F7495797-5DB1-4E6D-A0F5-7B847A2520AC}.Ad-Hoc|iPhoneSimulator.ActiveCfg = Release|Any CPU
		{F7495797-5DB1-4E6D-A0F5-7B847A2520AC}.Ad-Hoc|iPhoneSimulator.Build.0 = Release|Any CPU
		{F7495797-5DB1-4E6D-A0F5-7B847A2520AC}.Ad-Hoc|iPhoneSimulator.Deploy.0 = Release|Any CPU
		{F7495797-5DB1-4E6D-A0F5-7B847A2520AC}.Ad-Hoc|x64.ActiveCfg = Release|Any CPU
		{F7495797-5DB1-4E6D-A0F5-7B847A2520AC}.Ad-Hoc|x64.Build.0 = Release|Any CPU
		{F7495797-5DB1-4E6D-A0F5-7B847A2520AC}.Ad-Hoc|x64.Deploy.0 = Release|Any CPU
		{F7495797-5DB1-4E6D-A0F5-7B847A2520AC}.Ad-Hoc|x86.ActiveCfg = Release|Any CPU
		{F7495797-5DB1-4E6D-A0F5-7B847A2520AC}.Ad-Hoc|x86.Build.0 = Release|Any CPU
		{F7495797-5DB1-4E6D-A0F5-7B847A2520AC}.Ad-Hoc|x86.Deploy.0 = Release|Any CPU
		{F7495797-5DB1-4E6D-A0F5-7B847A2520AC}.AppStore|Any CPU.ActiveCfg = Release|Any CPU
		{F7495797-5DB1-4E6D-A0F5-7B847A2520AC}.AppStore|Any CPU.Build.0 = Release|Any CPU
		{F7495797-5DB1-4E6D-A0F5-7B847A2520AC}.AppStore|Any CPU.Deploy.0 = Release|Any CPU
		{F7495797-5DB1-4E6D-A0F5-7B847A2520AC}.AppStore|ARM.ActiveCfg = Release|Any CPU
		{F7495797-5DB1-4E6D-A0F5-7B847A2520AC}.AppStore|ARM.Build.0 = Release|Any CPU
		{F7495797-5DB1-4E6D-A0F5-7B847A2520AC}.AppStore|ARM.Deploy.0 = Release|Any CPU
		{F7495797-5DB1-4E6D-A0F5-7B847A2520AC}.AppStore|iPhone.ActiveCfg = Release|Any CPU
		{F7495797-5DB1-4E6D-A0F5-7B847A2520AC}.AppStore|iPhone.Build.0 = Release|Any CPU
		{F7495797-5DB1-4E6D-A0F5-7B847A2520AC}.AppStore|iPhone.Deploy.0 = Release|Any CPU
		{F7495797-5DB1-4E6D-A0F5-7B847A2520AC}.AppStore|iPhoneSimulator.ActiveCfg = Release|Any CPU
		{F7495797-5DB1-4E6D-A0F5-7B847A2520AC}.AppStore|iPhoneSimulator.Build.0 = Release|Any CPU
		{F7495797-5DB1-4E6D-A0F5-7B847A2520AC}.AppStore|iPhoneSimulator.Deploy.0 = Release|Any CPU
		{F7495797-5DB1-4E6D-A0F5-7B847A2520AC}.AppStore|x64.ActiveCfg = Release|Any CPU
		{F7495797-5DB1-4E6D-A0F5-7B847A2520AC}.AppStore|x64.Build.0 = Release|Any CPU
		{F7495797-5DB1-4E6D-A0F5-7B847A2520AC}.AppStore|x64.Deploy.0 = Release|Any CPU
		{F7495797-5DB1-4E6D-A0F5-7B847A2520AC}.AppStore|x86.ActiveCfg = Release|Any CPU
		{F7495797-5DB1-4E6D-A0F5-7B847A2520AC}.AppStore|x86.Build.0 = Release|Any CPU
		{F7495797-5DB1-4E6D-A0F5-7B847A2520AC}.AppStore|x86.Deploy.0 = Release|Any CPU
		{F7495797-5DB1-4E6D-A0F5-7B847A2520AC}.Debug|Any CPU.ActiveCfg = Debug|Any CPU
		{F7495797-5DB1-4E6D-A0F5-7B847A2520AC}.Debug|Any CPU.Build.0 = Debug|Any CPU
		{F7495797-5DB1-4E6D-A0F5-7B847A2520AC}.Debug|Any CPU.Deploy.0 = Debug|Any CPU
		{F7495797-5DB1-4E6D-A0F5-7B847A2520AC}.Debug|ARM.ActiveCfg = Debug|Any CPU
		{F7495797-5DB1-4E6D-A0F5-7B847A2520AC}.Debug|ARM.Build.0 = Debug|Any CPU
		{F7495797-5DB1-4E6D-A0F5-7B847A2520AC}.Debug|ARM.Deploy.0 = Debug|Any CPU
		{F7495797-5DB1-4E6D-A0F5-7B847A2520AC}.Debug|iPhone.ActiveCfg = Debug|Any CPU
		{F7495797-5DB1-4E6D-A0F5-7B847A2520AC}.Debug|iPhone.Build.0 = Debug|Any CPU
		{F7495797-5DB1-4E6D-A0F5-7B847A2520AC}.Debug|iPhone.Deploy.0 = Debug|Any CPU
		{F7495797-5DB1-4E6D-A0F5-7B847A2520AC}.Debug|iPhoneSimulator.ActiveCfg = Debug|Any CPU
		{F7495797-5DB1-4E6D-A0F5-7B847A2520AC}.Debug|iPhoneSimulator.Build.0 = Debug|Any CPU
		{F7495797-5DB1-4E6D-A0F5-7B847A2520AC}.Debug|iPhoneSimulator.Deploy.0 = Debug|Any CPU
		{F7495797-5DB1-4E6D-A0F5-7B847A2520AC}.Debug|x64.ActiveCfg = Debug|Any CPU
		{F7495797-5DB1-4E6D-A0F5-7B847A2520AC}.Debug|x64.Build.0 = Debug|Any CPU
		{F7495797-5DB1-4E6D-A0F5-7B847A2520AC}.Debug|x64.Deploy.0 = Debug|Any CPU
		{F7495797-5DB1-4E6D-A0F5-7B847A2520AC}.Debug|x86.ActiveCfg = Debug|Any CPU
		{F7495797-5DB1-4E6D-A0F5-7B847A2520AC}.Debug|x86.Build.0 = Debug|Any CPU
		{F7495797-5DB1-4E6D-A0F5-7B847A2520AC}.Debug|x86.Deploy.0 = Debug|Any CPU
		{F7495797-5DB1-4E6D-A0F5-7B847A2520AC}.Release|Any CPU.ActiveCfg = Release|Any CPU
		{F7495797-5DB1-4E6D-A0F5-7B847A2520AC}.Release|Any CPU.Build.0 = Release|Any CPU
		{F7495797-5DB1-4E6D-A0F5-7B847A2520AC}.Release|Any CPU.Deploy.0 = Release|Any CPU
		{F7495797-5DB1-4E6D-A0F5-7B847A2520AC}.Release|ARM.ActiveCfg = Release|Any CPU
		{F7495797-5DB1-4E6D-A0F5-7B847A2520AC}.Release|ARM.Build.0 = Release|Any CPU
		{F7495797-5DB1-4E6D-A0F5-7B847A2520AC}.Release|ARM.Deploy.0 = Release|Any CPU
		{F7495797-5DB1-4E6D-A0F5-7B847A2520AC}.Release|iPhone.ActiveCfg = Release|Any CPU
		{F7495797-5DB1-4E6D-A0F5-7B847A2520AC}.Release|iPhone.Build.0 = Release|Any CPU
		{F7495797-5DB1-4E6D-A0F5-7B847A2520AC}.Release|iPhone.Deploy.0 = Release|Any CPU
		{F7495797-5DB1-4E6D-A0F5-7B847A2520AC}.Release|iPhoneSimulator.ActiveCfg = Release|Any CPU
		{F7495797-5DB1-4E6D-A0F5-7B847A2520AC}.Release|iPhoneSimulator.Build.0 = Release|Any CPU
		{F7495797-5DB1-4E6D-A0F5-7B847A2520AC}.Release|iPhoneSimulator.Deploy.0 = Release|Any CPU
		{F7495797-5DB1-4E6D-A0F5-7B847A2520AC}.Release|x64.ActiveCfg = Release|Any CPU
		{F7495797-5DB1-4E6D-A0F5-7B847A2520AC}.Release|x64.Build.0 = Release|Any CPU
		{F7495797-5DB1-4E6D-A0F5-7B847A2520AC}.Release|x64.Deploy.0 = Release|Any CPU
		{F7495797-5DB1-4E6D-A0F5-7B847A2520AC}.Release|x86.ActiveCfg = Release|Any CPU
		{F7495797-5DB1-4E6D-A0F5-7B847A2520AC}.Release|x86.Build.0 = Release|Any CPU
		{F7495797-5DB1-4E6D-A0F5-7B847A2520AC}.Release|x86.Deploy.0 = Release|Any CPU
		{6C043B2E-8D60-4732-967E-0644D307155E}.Ad-Hoc|Any CPU.ActiveCfg = Ad-Hoc|iPhone
		{6C043B2E-8D60-4732-967E-0644D307155E}.Ad-Hoc|ARM.ActiveCfg = Ad-Hoc|iPhone
		{6C043B2E-8D60-4732-967E-0644D307155E}.Ad-Hoc|iPhone.ActiveCfg = Ad-Hoc|iPhone
		{6C043B2E-8D60-4732-967E-0644D307155E}.Ad-Hoc|iPhone.Build.0 = Ad-Hoc|iPhone
		{6C043B2E-8D60-4732-967E-0644D307155E}.Ad-Hoc|iPhoneSimulator.ActiveCfg = Ad-Hoc|iPhoneSimulator
		{6C043B2E-8D60-4732-967E-0644D307155E}.Ad-Hoc|iPhoneSimulator.Build.0 = Ad-Hoc|iPhoneSimulator
		{6C043B2E-8D60-4732-967E-0644D307155E}.Ad-Hoc|x64.ActiveCfg = Ad-Hoc|iPhone
		{6C043B2E-8D60-4732-967E-0644D307155E}.Ad-Hoc|x86.ActiveCfg = Ad-Hoc|iPhone
		{6C043B2E-8D60-4732-967E-0644D307155E}.AppStore|Any CPU.ActiveCfg = AppStore|iPhone
		{6C043B2E-8D60-4732-967E-0644D307155E}.AppStore|ARM.ActiveCfg = AppStore|iPhone
		{6C043B2E-8D60-4732-967E-0644D307155E}.AppStore|iPhone.ActiveCfg = AppStore|iPhone
		{6C043B2E-8D60-4732-967E-0644D307155E}.AppStore|iPhone.Build.0 = AppStore|iPhone
		{6C043B2E-8D60-4732-967E-0644D307155E}.AppStore|iPhoneSimulator.ActiveCfg = AppStore|iPhoneSimulator
		{6C043B2E-8D60-4732-967E-0644D307155E}.AppStore|iPhoneSimulator.Build.0 = AppStore|iPhoneSimulator
		{6C043B2E-8D60-4732-967E-0644D307155E}.AppStore|x64.ActiveCfg = AppStore|iPhone
		{6C043B2E-8D60-4732-967E-0644D307155E}.AppStore|x86.ActiveCfg = AppStore|iPhone
		{6C043B2E-8D60-4732-967E-0644D307155E}.Debug|Any CPU.ActiveCfg = Debug|iPhone
		{6C043B2E-8D60-4732-967E-0644D307155E}.Debug|ARM.ActiveCfg = Debug|iPhone
		{6C043B2E-8D60-4732-967E-0644D307155E}.Debug|iPhone.ActiveCfg = Debug|iPhone
		{6C043B2E-8D60-4732-967E-0644D307155E}.Debug|iPhone.Build.0 = Debug|iPhone
		{6C043B2E-8D60-4732-967E-0644D307155E}.Debug|iPhoneSimulator.ActiveCfg = Debug|iPhoneSimulator
		{6C043B2E-8D60-4732-967E-0644D307155E}.Debug|iPhoneSimulator.Build.0 = Debug|iPhoneSimulator
		{6C043B2E-8D60-4732-967E-0644D307155E}.Debug|x64.ActiveCfg = Debug|iPhone
		{6C043B2E-8D60-4732-967E-0644D307155E}.Debug|x86.ActiveCfg = Debug|iPhone
		{6C043B2E-8D60-4732-967E-0644D307155E}.Release|Any CPU.ActiveCfg = Release|iPhone
		{6C043B2E-8D60-4732-967E-0644D307155E}.Release|ARM.ActiveCfg = Release|iPhone
		{6C043B2E-8D60-4732-967E-0644D307155E}.Release|iPhone.ActiveCfg = Release|iPhone
		{6C043B2E-8D60-4732-967E-0644D307155E}.Release|iPhone.Build.0 = Release|iPhone
		{6C043B2E-8D60-4732-967E-0644D307155E}.Release|iPhoneSimulator.ActiveCfg = Release|iPhoneSimulator
		{6C043B2E-8D60-4732-967E-0644D307155E}.Release|iPhoneSimulator.Build.0 = Release|iPhoneSimulator
		{6C043B2E-8D60-4732-967E-0644D307155E}.Release|x64.ActiveCfg = Release|iPhone
		{6C043B2E-8D60-4732-967E-0644D307155E}.Release|x86.ActiveCfg = Release|iPhone
		{28C5C5F7-C6CB-4DF8-8EF7-640D1A06F8EF}.Ad-Hoc|Any CPU.ActiveCfg = Release|x86
		{28C5C5F7-C6CB-4DF8-8EF7-640D1A06F8EF}.Ad-Hoc|Any CPU.Build.0 = Release|x86
		{28C5C5F7-C6CB-4DF8-8EF7-640D1A06F8EF}.Ad-Hoc|Any CPU.Deploy.0 = Release|x86
		{28C5C5F7-C6CB-4DF8-8EF7-640D1A06F8EF}.Ad-Hoc|ARM.ActiveCfg = Release|ARM
		{28C5C5F7-C6CB-4DF8-8EF7-640D1A06F8EF}.Ad-Hoc|ARM.Build.0 = Release|ARM
		{28C5C5F7-C6CB-4DF8-8EF7-640D1A06F8EF}.Ad-Hoc|ARM.Deploy.0 = Release|ARM
		{28C5C5F7-C6CB-4DF8-8EF7-640D1A06F8EF}.Ad-Hoc|iPhone.ActiveCfg = Release|x86
		{28C5C5F7-C6CB-4DF8-8EF7-640D1A06F8EF}.Ad-Hoc|iPhone.Build.0 = Release|x86
		{28C5C5F7-C6CB-4DF8-8EF7-640D1A06F8EF}.Ad-Hoc|iPhone.Deploy.0 = Release|x86
		{28C5C5F7-C6CB-4DF8-8EF7-640D1A06F8EF}.Ad-Hoc|iPhoneSimulator.ActiveCfg = Release|x86
		{28C5C5F7-C6CB-4DF8-8EF7-640D1A06F8EF}.Ad-Hoc|iPhoneSimulator.Build.0 = Release|x86
		{28C5C5F7-C6CB-4DF8-8EF7-640D1A06F8EF}.Ad-Hoc|iPhoneSimulator.Deploy.0 = Release|x86
		{28C5C5F7-C6CB-4DF8-8EF7-640D1A06F8EF}.Ad-Hoc|x64.ActiveCfg = Release|x64
		{28C5C5F7-C6CB-4DF8-8EF7-640D1A06F8EF}.Ad-Hoc|x64.Build.0 = Release|x64
		{28C5C5F7-C6CB-4DF8-8EF7-640D1A06F8EF}.Ad-Hoc|x64.Deploy.0 = Release|x64
		{28C5C5F7-C6CB-4DF8-8EF7-640D1A06F8EF}.Ad-Hoc|x86.ActiveCfg = Release|x86
		{28C5C5F7-C6CB-4DF8-8EF7-640D1A06F8EF}.Ad-Hoc|x86.Build.0 = Release|x86
		{28C5C5F7-C6CB-4DF8-8EF7-640D1A06F8EF}.Ad-Hoc|x86.Deploy.0 = Release|x86
		{28C5C5F7-C6CB-4DF8-8EF7-640D1A06F8EF}.AppStore|Any CPU.ActiveCfg = Release|x86
		{28C5C5F7-C6CB-4DF8-8EF7-640D1A06F8EF}.AppStore|Any CPU.Build.0 = Release|x86
		{28C5C5F7-C6CB-4DF8-8EF7-640D1A06F8EF}.AppStore|Any CPU.Deploy.0 = Release|x86
		{28C5C5F7-C6CB-4DF8-8EF7-640D1A06F8EF}.AppStore|ARM.ActiveCfg = Release|ARM
		{28C5C5F7-C6CB-4DF8-8EF7-640D1A06F8EF}.AppStore|ARM.Build.0 = Release|ARM
		{28C5C5F7-C6CB-4DF8-8EF7-640D1A06F8EF}.AppStore|ARM.Deploy.0 = Release|ARM
		{28C5C5F7-C6CB-4DF8-8EF7-640D1A06F8EF}.AppStore|iPhone.ActiveCfg = Release|x86
		{28C5C5F7-C6CB-4DF8-8EF7-640D1A06F8EF}.AppStore|iPhone.Build.0 = Release|x86
		{28C5C5F7-C6CB-4DF8-8EF7-640D1A06F8EF}.AppStore|iPhone.Deploy.0 = Release|x86
		{28C5C5F7-C6CB-4DF8-8EF7-640D1A06F8EF}.AppStore|iPhoneSimulator.ActiveCfg = Release|x86
		{28C5C5F7-C6CB-4DF8-8EF7-640D1A06F8EF}.AppStore|iPhoneSimulator.Build.0 = Release|x86
		{28C5C5F7-C6CB-4DF8-8EF7-640D1A06F8EF}.AppStore|iPhoneSimulator.Deploy.0 = Release|x86
		{28C5C5F7-C6CB-4DF8-8EF7-640D1A06F8EF}.AppStore|x64.ActiveCfg = Release|x64
		{28C5C5F7-C6CB-4DF8-8EF7-640D1A06F8EF}.AppStore|x64.Build.0 = Release|x64
		{28C5C5F7-C6CB-4DF8-8EF7-640D1A06F8EF}.AppStore|x64.Deploy.0 = Release|x64
		{28C5C5F7-C6CB-4DF8-8EF7-640D1A06F8EF}.AppStore|x86.ActiveCfg = Release|x86
		{28C5C5F7-C6CB-4DF8-8EF7-640D1A06F8EF}.AppStore|x86.Build.0 = Release|x86
		{28C5C5F7-C6CB-4DF8-8EF7-640D1A06F8EF}.AppStore|x86.Deploy.0 = Release|x86
		{28C5C5F7-C6CB-4DF8-8EF7-640D1A06F8EF}.Debug|Any CPU.ActiveCfg = Debug|x86
		{28C5C5F7-C6CB-4DF8-8EF7-640D1A06F8EF}.Debug|ARM.ActiveCfg = Debug|ARM
		{28C5C5F7-C6CB-4DF8-8EF7-640D1A06F8EF}.Debug|ARM.Build.0 = Debug|ARM
		{28C5C5F7-C6CB-4DF8-8EF7-640D1A06F8EF}.Debug|ARM.Deploy.0 = Debug|ARM
		{28C5C5F7-C6CB-4DF8-8EF7-640D1A06F8EF}.Debug|iPhone.ActiveCfg = Debug|x86
		{28C5C5F7-C6CB-4DF8-8EF7-640D1A06F8EF}.Debug|iPhoneSimulator.ActiveCfg = Debug|x86
		{28C5C5F7-C6CB-4DF8-8EF7-640D1A06F8EF}.Debug|x64.ActiveCfg = Debug|x64
		{28C5C5F7-C6CB-4DF8-8EF7-640D1A06F8EF}.Debug|x64.Build.0 = Debug|x64
		{28C5C5F7-C6CB-4DF8-8EF7-640D1A06F8EF}.Debug|x64.Deploy.0 = Debug|x64
		{28C5C5F7-C6CB-4DF8-8EF7-640D1A06F8EF}.Debug|x86.ActiveCfg = Debug|x86
		{28C5C5F7-C6CB-4DF8-8EF7-640D1A06F8EF}.Debug|x86.Build.0 = Debug|x86
		{28C5C5F7-C6CB-4DF8-8EF7-640D1A06F8EF}.Debug|x86.Deploy.0 = Debug|x86
		{28C5C5F7-C6CB-4DF8-8EF7-640D1A06F8EF}.Release|Any CPU.ActiveCfg = Release|x86
		{28C5C5F7-C6CB-4DF8-8EF7-640D1A06F8EF}.Release|ARM.ActiveCfg = Release|ARM
		{28C5C5F7-C6CB-4DF8-8EF7-640D1A06F8EF}.Release|ARM.Build.0 = Release|ARM
		{28C5C5F7-C6CB-4DF8-8EF7-640D1A06F8EF}.Release|ARM.Deploy.0 = Release|ARM
		{28C5C5F7-C6CB-4DF8-8EF7-640D1A06F8EF}.Release|iPhone.ActiveCfg = Release|x86
		{28C5C5F7-C6CB-4DF8-8EF7-640D1A06F8EF}.Release|iPhoneSimulator.ActiveCfg = Release|x86
		{28C5C5F7-C6CB-4DF8-8EF7-640D1A06F8EF}.Release|x64.ActiveCfg = Release|x64
		{28C5C5F7-C6CB-4DF8-8EF7-640D1A06F8EF}.Release|x64.Build.0 = Release|x64
		{28C5C5F7-C6CB-4DF8-8EF7-640D1A06F8EF}.Release|x64.Deploy.0 = Release|x64
		{28C5C5F7-C6CB-4DF8-8EF7-640D1A06F8EF}.Release|x86.ActiveCfg = Release|x86
		{28C5C5F7-C6CB-4DF8-8EF7-640D1A06F8EF}.Release|x86.Build.0 = Release|x86
		{28C5C5F7-C6CB-4DF8-8EF7-640D1A06F8EF}.Release|x86.Deploy.0 = Release|x86
		{2EDAB7FE-FDC0-4527-B77A-7C0F7EE1D86C}.Ad-Hoc|Any CPU.ActiveCfg = Debug|Any CPU
		{2EDAB7FE-FDC0-4527-B77A-7C0F7EE1D86C}.Ad-Hoc|Any CPU.Build.0 = Debug|Any CPU
		{2EDAB7FE-FDC0-4527-B77A-7C0F7EE1D86C}.Ad-Hoc|ARM.ActiveCfg = Debug|Any CPU
		{2EDAB7FE-FDC0-4527-B77A-7C0F7EE1D86C}.Ad-Hoc|ARM.Build.0 = Debug|Any CPU
		{2EDAB7FE-FDC0-4527-B77A-7C0F7EE1D86C}.Ad-Hoc|iPhone.ActiveCfg = Debug|Any CPU
		{2EDAB7FE-FDC0-4527-B77A-7C0F7EE1D86C}.Ad-Hoc|iPhone.Build.0 = Debug|Any CPU
		{2EDAB7FE-FDC0-4527-B77A-7C0F7EE1D86C}.Ad-Hoc|iPhoneSimulator.ActiveCfg = Debug|Any CPU
		{2EDAB7FE-FDC0-4527-B77A-7C0F7EE1D86C}.Ad-Hoc|iPhoneSimulator.Build.0 = Debug|Any CPU
		{2EDAB7FE-FDC0-4527-B77A-7C0F7EE1D86C}.Ad-Hoc|x64.ActiveCfg = Debug|Any CPU
		{2EDAB7FE-FDC0-4527-B77A-7C0F7EE1D86C}.Ad-Hoc|x64.Build.0 = Debug|Any CPU
		{2EDAB7FE-FDC0-4527-B77A-7C0F7EE1D86C}.Ad-Hoc|x86.ActiveCfg = Debug|Any CPU
		{2EDAB7FE-FDC0-4527-B77A-7C0F7EE1D86C}.Ad-Hoc|x86.Build.0 = Debug|Any CPU
		{2EDAB7FE-FDC0-4527-B77A-7C0F7EE1D86C}.AppStore|Any CPU.ActiveCfg = Debug|Any CPU
		{2EDAB7FE-FDC0-4527-B77A-7C0F7EE1D86C}.AppStore|Any CPU.Build.0 = Debug|Any CPU
		{2EDAB7FE-FDC0-4527-B77A-7C0F7EE1D86C}.AppStore|ARM.ActiveCfg = Debug|Any CPU
		{2EDAB7FE-FDC0-4527-B77A-7C0F7EE1D86C}.AppStore|ARM.Build.0 = Debug|Any CPU
		{2EDAB7FE-FDC0-4527-B77A-7C0F7EE1D86C}.AppStore|iPhone.ActiveCfg = Debug|Any CPU
		{2EDAB7FE-FDC0-4527-B77A-7C0F7EE1D86C}.AppStore|iPhone.Build.0 = Debug|Any CPU
		{2EDAB7FE-FDC0-4527-B77A-7C0F7EE1D86C}.AppStore|iPhoneSimulator.ActiveCfg = Debug|Any CPU
		{2EDAB7FE-FDC0-4527-B77A-7C0F7EE1D86C}.AppStore|iPhoneSimulator.Build.0 = Debug|Any CPU
		{2EDAB7FE-FDC0-4527-B77A-7C0F7EE1D86C}.AppStore|x64.ActiveCfg = Debug|Any CPU
		{2EDAB7FE-FDC0-4527-B77A-7C0F7EE1D86C}.AppStore|x64.Build.0 = Debug|Any CPU
		{2EDAB7FE-FDC0-4527-B77A-7C0F7EE1D86C}.AppStore|x86.ActiveCfg = Debug|Any CPU
		{2EDAB7FE-FDC0-4527-B77A-7C0F7EE1D86C}.AppStore|x86.Build.0 = Debug|Any CPU
		{2EDAB7FE-FDC0-4527-B77A-7C0F7EE1D86C}.Debug|Any CPU.ActiveCfg = Debug|Any CPU
		{2EDAB7FE-FDC0-4527-B77A-7C0F7EE1D86C}.Debug|Any CPU.Build.0 = Debug|Any CPU
		{2EDAB7FE-FDC0-4527-B77A-7C0F7EE1D86C}.Debug|ARM.ActiveCfg = Debug|Any CPU
		{2EDAB7FE-FDC0-4527-B77A-7C0F7EE1D86C}.Debug|ARM.Build.0 = Debug|Any CPU
		{2EDAB7FE-FDC0-4527-B77A-7C0F7EE1D86C}.Debug|iPhone.ActiveCfg = Debug|Any CPU
		{2EDAB7FE-FDC0-4527-B77A-7C0F7EE1D86C}.Debug|iPhone.Build.0 = Debug|Any CPU
		{2EDAB7FE-FDC0-4527-B77A-7C0F7EE1D86C}.Debug|iPhoneSimulator.ActiveCfg = Debug|Any CPU
		{2EDAB7FE-FDC0-4527-B77A-7C0F7EE1D86C}.Debug|iPhoneSimulator.Build.0 = Debug|Any CPU
		{2EDAB7FE-FDC0-4527-B77A-7C0F7EE1D86C}.Debug|x64.ActiveCfg = Debug|Any CPU
		{2EDAB7FE-FDC0-4527-B77A-7C0F7EE1D86C}.Debug|x64.Build.0 = Debug|Any CPU
		{2EDAB7FE-FDC0-4527-B77A-7C0F7EE1D86C}.Debug|x86.ActiveCfg = Debug|Any CPU
		{2EDAB7FE-FDC0-4527-B77A-7C0F7EE1D86C}.Debug|x86.Build.0 = Debug|Any CPU
		{2EDAB7FE-FDC0-4527-B77A-7C0F7EE1D86C}.Release|Any CPU.ActiveCfg = Release|Any CPU
		{2EDAB7FE-FDC0-4527-B77A-7C0F7EE1D86C}.Release|Any CPU.Build.0 = Release|Any CPU
		{2EDAB7FE-FDC0-4527-B77A-7C0F7EE1D86C}.Release|ARM.ActiveCfg = Release|Any CPU
		{2EDAB7FE-FDC0-4527-B77A-7C0F7EE1D86C}.Release|ARM.Build.0 = Release|Any CPU
		{2EDAB7FE-FDC0-4527-B77A-7C0F7EE1D86C}.Release|iPhone.ActiveCfg = Release|Any CPU
		{2EDAB7FE-FDC0-4527-B77A-7C0F7EE1D86C}.Release|iPhone.Build.0 = Release|Any CPU
		{2EDAB7FE-FDC0-4527-B77A-7C0F7EE1D86C}.Release|iPhoneSimulator.ActiveCfg = Release|Any CPU
		{2EDAB7FE-FDC0-4527-B77A-7C0F7EE1D86C}.Release|iPhoneSimulator.Build.0 = Release|Any CPU
		{2EDAB7FE-FDC0-4527-B77A-7C0F7EE1D86C}.Release|x64.ActiveCfg = Release|Any CPU
		{2EDAB7FE-FDC0-4527-B77A-7C0F7EE1D86C}.Release|x64.Build.0 = Release|Any CPU
		{2EDAB7FE-FDC0-4527-B77A-7C0F7EE1D86C}.Release|x86.ActiveCfg = Release|Any CPU
		{2EDAB7FE-FDC0-4527-B77A-7C0F7EE1D86C}.Release|x86.Build.0 = Release|Any CPU
	EndGlobalSection
	GlobalSection(SolutionProperties) = preSolution
		HideSolutionNode = FALSE
	EndGlobalSection
	GlobalSection(ExtensibilityGlobals) = postSolution
		SolutionGuid = {59994A87-828F-45DA-BED5-CC9EFE1D6662}
	EndGlobalSection
EndGlobal
